
Microsoft Visual Studio Solution File, Format Version 12.00
# Visual Studio Version 16
VisualStudioVersion = 16.0.29911.84
MinimumVisualStudioVersion = 10.0.40219.1
Project("{9A19103F-16F7-4668-BE54-9A1E7A4F7556}") = "WX.MicroService.Demo", "MicroService\WX.MicroService.Demo.csproj", "{39B46704-534B-4244-9BD9-19C483F377A1}"
EndProject
Project("{9A19103F-16F7-4668-BE54-9A1E7A4F7556}") = "WX.MicroService.Model", "WX.MicroService.Model\WX.MicroService.Model.csproj", "{672D33FE-B7AE-4720-ACF1-99D8635C15F8}"
EndProject
Project("{9A19103F-16F7-4668-BE54-9A1E7A4F7556}") = "WX.MicroService.Interface", "ConsoleApp1\WX.MicroService.Interface.csproj", "{BE35F4C8-D56A-496E-818F-99FAA0078DA8}"
EndProject
Project("{9A19103F-16F7-4668-BE54-9A1E7A4F7556}") = "WX.MicroService.Service", "WX.MicroService.Service\WX.MicroService.Service.csproj", "{80AD518F-3E0B-4022-B242-3440D2F3B56C}"
EndProject
Project("{9A19103F-16F7-4668-BE54-9A1E7A4F7556}") = "WX.MicroService.Serviceinstance", "WX.MicroService.Serviceinstance\WX.MicroService.Serviceinstance.csproj", "{47392B3C-0F41-4AD8-B522-CE9022AE80B5}"
EndProject
Project("{FAE04EC0-301F-11D3-BF4B-00C04F79EFBC}") = "WX.MicroService.GateWayDemo", "WX.MicroService.GateWayDemo\WX.MicroService.GateWayDemo.csproj", "{09AA57F7-91BE-4F1E-B435-C197F92613BA}"
EndProject
Global
	GlobalSection(SolutionConfigurationPlatforms) = preSolution
		Debug|Any CPU = Debug|Any CPU
		Release|Any CPU = Release|Any CPU
	EndGlobalSection
	GlobalSection(ProjectConfigurationPlatforms) = postSolution
		{39B46704-534B-4244-9BD9-19C483F377A1}.Debug|Any CPU.ActiveCfg = Debug|Any CPU
		{39B46704-534B-4244-9BD9-19C483F377A1}.Debug|Any CPU.Build.0 = Debug|Any CPU
		{39B46704-534B-4244-9BD9-19C483F377A1}.Release|Any CPU.ActiveCfg = Release|Any CPU
		{39B46704-534B-4244-9BD9-19C483F377A1}.Release|Any CPU.Build.0 = Release|Any CPU
		{672D33FE-B7AE-4720-ACF1-99D8635C15F8}.Debug|Any CPU.ActiveCfg = Debug|Any CPU
		{672D33FE-B7AE-4720-ACF1-99D8635C15F8}.Debug|Any CPU.Build.0 = Debug|Any CPU
		{672D33FE-B7AE-4720-ACF1-99D8635C15F8}.Release|Any CPU.ActiveCfg = Release|Any CPU
		{672D33FE-B7AE-4720-ACF1-99D8635C15F8}.Release|Any CPU.Build.0 = Release|Any CPU
		{BE35F4C8-D56A-496E-818F-99FAA0078DA8}.Debug|Any CPU.ActiveCfg = Debug|Any CPU
		{BE35F4C8-D56A-496E-818F-99FAA0078DA8}.Debug|Any CPU.Build.0 = Debug|Any CPU
		{BE35F4C8-D56A-496E-818F-99FAA0078DA8}.Release|Any CPU.ActiveCfg = Release|Any CPU
		{BE35F4C8-D56A-496E-818F-99FAA0078DA8}.Release|Any CPU.Build.0 = Release|Any CPU
		{80AD518F-3E0B-4022-B242-3440D2F3B56C}.Debug|Any CPU.ActiveCfg = Debug|Any CPU
		{80AD518F-3E0B-4022-B242-3440D2F3B56C}.Debug|Any CPU.Build.0 = Debug|Any CPU
		{80AD518F-3E0B-4022-B242-3440D2F3B56C}.Release|Any CPU.ActiveCfg = Release|Any CPU
		{80AD518F-3E0B-4022-B242-3440D2F3B56C}.Release|Any CPU.Build.0 = Release|Any CPU
		{47392B3C-0F41-4AD8-B522-CE9022AE80B5}.Debug|Any CPU.ActiveCfg = Debug|Any CPU
		{47392B3C-0F41-4AD8-B522-CE9022AE80B5}.Debug|Any CPU.Build.0 = Debug|Any CPU
		{47392B3C-0F41-4AD8-B522-CE9022AE80B5}.Release|Any CPU.ActiveCfg = Release|Any CPU
		{47392B3C-0F41-4AD8-B522-CE9022AE80B5}.Release|Any CPU.Build.0 = Release|Any CPU
		{09AA57F7-91BE-4F1E-B435-C197F92613BA}.Debug|Any CPU.ActiveCfg = Debug|Any CPU
		{09AA57F7-91BE-4F1E-B435-C197F92613BA}.Debug|Any CPU.Build.0 = Debug|Any CPU
		{09AA57F7-91BE-4F1E-B435-C197F92613BA}.Release|Any CPU.ActiveCfg = Release|Any CPU
		{09AA57F7-91BE-4F1E-B435-C197F92613BA}.Release|Any CPU.Build.0 = Release|Any CPU
	EndGlobalSection
	GlobalSection(SolutionProperties) = preSolution
		HideSolutionNode = FALSE
	EndGlobalSection
	GlobalSection(ExtensibilityGlobals) = postSolution
		SolutionGuid = {14B6846B-BC93-40A1-9405-776FE10B6E5E}
	EndGlobalSection
EndGlobal
